
Microsoft Visual Studio Solution File, Format Version 12.00
# Visual Studio Version 17
VisualStudioVersion = 17.3.32929.385
MinimumVisualStudioVersion = 10.0.40219.1
Project("{FAE04EC0-301F-11D3-BF4B-00C04F79EFBC}") = "RazorPagesPizza", "RazorPagesPizza\RazorPagesPizza.csproj", "{3269D318-1939-4BEF-921B-158089041467}"
EndProject
Global
	GlobalSection(SolutionConfigurationPlatforms) = preSolution
		Debug|Any CPU = Debug|Any CPU
		Release|Any CPU = Release|Any CPU
	EndGlobalSection
	GlobalSection(ProjectConfigurationPlatforms) = postSolution
		{3269D318-1939-4BEF-921B-158089041467}.Debug|Any CPU.ActiveCfg = Debug|Any CPU
		{3269D318-1939-4BEF-921B-158089041467}.Debug|Any CPU.Build.0 = Debug|Any CPU
		{3269D318-1939-4BEF-921B-158089041467}.Release|Any CPU.ActiveCfg = Release|Any CPU
		{3269D318-1939-4BEF-921B-158089041467}.Release|Any CPU.Build.0 = Release|Any CPU
	EndGlobalSection
	GlobalSection(SolutionProperties) = preSolution
		HideSolutionNode = FALSE
	EndGlobalSection
	GlobalSection(ExtensibilityGlobals) = postSolution
		SolutionGuid = {E57F9E29-2121-488D-9DCF-E2CC4479DB96}
	EndGlobalSection
EndGlobal
